PODS:
  - Masonry (1.1.0)
  - NicePerformanceKit/Base (0.0.1)
  - NicePerformanceKit/TestCase (0.0.1)
  - NicePerformanceKit/Tool (0.0.1):
    - NicePerformanceKit/Tool/Image (= 0.0.1)
    - NicePerformanceKit/Tool/LaunchManager (= 0.0.1)
    - NicePerformanceKit/Tool/PerfMonitor (= 0.0.1)
    - NicePerformanceKit/Tool/TimeProfile (= 0.0.1)
  - NicePerformanceKit/Tool/Image (0.0.1)
  - NicePerformanceKit/Tool/LaunchManager (0.0.1)
  - NicePerformanceKit/Tool/PerfMonitor (0.0.1):
    - NicePerformanceKit/Base
  - NicePerformanceKit/Tool/TimeProfile (0.0.1):
    - NicePerformanceKit/Base

DEPENDENCIES:
  - Masonry
  - NicePerformanceKit/TestCase (from `../`)
  - NicePerformanceKit/Tool (from `../`)

SPEC REPOS:
  trunk:
    - Masonry

EXTERNAL SOURCES:
  NicePerformanceKit:
    :path: "../"

SPEC CHECKSUMS:
  Masonry: 678fab65091a9290e40e2832a55e7ab731aad201
  NicePerformanceKit: 05db45e6c5e3480fca7d1cfd88f1a846611ca6df

PODFILE CHECKSUM: 371e673b9e9b4971a753a6462800176acc8196b5

COCOAPODS: 1.8.4
