PODS:
  - Masonry (1.1.0)
  - NicePerformanceKit/Base (0.0.1)
  - NicePerformanceKit/Service (0.0.1):
    - NicePerformanceKit/Service/LaunchEngine (= 0.0.1)
    - NicePerformanceKit/Service/MetricKitReport (= 0.0.1)
    - NicePerformanceKit/Service/PerfMonitor (= 0.0.1)
  - NicePerformanceKit/Service/LaunchEngine (0.0.1):
    - NicePerformanceKit/Base
    - NicePerformanceKit/View
  - NicePerformanceKit/Service/MetricKitReport (0.0.1):
    - NicePerformanceKit/Base
  - NicePerformanceKit/Service/PerfMonitor (0.0.1):
    - NicePerformanceKit/Base
    - NicePerformanceKit/View
  - NicePerformanceKit/TestCase (0.0.1)
  - NicePerformanceKit/Tool (0.0.1):
    - NicePerformanceKit/Tool/Image (= 0.0.1)
    - NicePerformanceKit/Tool/TimeProfile (= 0.0.1)
  - NicePerformanceKit/Tool/Image (0.0.1)
  - NicePerformanceKit/Tool/TimeProfile (0.0.1):
    - NicePerformanceKit/Base
  - NicePerformanceKit/View (0.0.1)

DEPENDENCIES:
  - Masonry
  - NicePerformanceKit/Service (from `../`)
  - NicePerformanceKit/TestCase (from `../`)
  - NicePerformanceKit/Tool (from `../`)

SPEC REPOS:
  trunk:
    - Masonry

EXTERNAL SOURCES:
  NicePerformanceKit:
    :path: "../"

SPEC CHECKSUMS:
  Masonry: 678fab65091a9290e40e2832a55e7ab731aad201
  NicePerformanceKit: b17fe9918ec1420e25022740cae814ce462d65b4

PODFILE CHECKSUM: a68b409bc576481f30389adde7474a13669617c3

COCOAPODS: 1.8.4
