// !$*UTF8*$!
{
	archiveVersion = 1;
	classes = {
	};
	objectVersion = 46;
	objects = {

/* Begin PBXBuildFile section */
		6003F58E195388D20070C39A /* Foundation.framework in Frameworks */ = {isa = PBXBuildFile; fileRef = 6003F58D195388D20070C39A /* Foundation.framework */; };
		6003F590195388D20070C39A /* CoreGraphics.framework in Frameworks */ = {isa = PBXBuildFile; fileRef = 6003F58F195388D20070C39A /* CoreGraphics.framework */; };
		6003F592195388D20070C39A /* UIKit.framework in Frameworks */ = {isa = PBXBuildFile; fileRef = 6003F591195388D20070C39A /* UIKit.framework */; };
		6003F598195388D20070C39A /* InfoPlist.strings in Resources */ = {isa = PBXBuildFile; fileRef = 6003F596195388D20070C39A /* InfoPlist.strings */; };
		6003F59A195388D20070C39A /* main.m in Sources */ = {isa = PBXBuildFile; fileRef = 6003F599195388D20070C39A /* main.m */; };
		6003F59E195388D20070C39A /* NPKAppDelegate.m in Sources */ = {isa = PBXBuildFile; fileRef = 6003F59D195388D20070C39A /* NPKAppDelegate.m */; };
		6003F5A7195388D20070C39A /* NPKDemoViewController.m in Sources */ = {isa = PBXBuildFile; fileRef = 6003F5A6195388D20070C39A /* NPKDemoViewController.m */; };
		6003F5A9195388D20070C39A /* Images.xcassets in Resources */ = {isa = PBXBuildFile; fileRef = 6003F5A8195388D20070C39A /* Images.xcassets */; };
		6003F5B0195388D20070C39A /* XCTest.framework in Frameworks */ = {isa = PBXBuildFile; fileRef = 6003F5AF195388D20070C39A /* XCTest.framework */; };
		6003F5B1195388D20070C39A /* Foundation.framework in Frameworks */ = {isa = PBXBuildFile; fileRef = 6003F58D195388D20070C39A /* Foundation.framework */; };
		6003F5B2195388D20070C39A /* UIKit.framework in Frameworks */ = {isa = PBXBuildFile; fileRef = 6003F591195388D20070C39A /* UIKit.framework */; };
		6003F5BA195388D20070C39A /* InfoPlist.strings in Resources */ = {isa = PBXBuildFile; fileRef = 6003F5B8195388D20070C39A /* InfoPlist.strings */; };
		6003F5BC195388D20070C39A /* NPKCommonUnitTests.m in Sources */ = {isa = PBXBuildFile; fileRef = 6003F5BB195388D20070C39A /* NPKCommonUnitTests.m */; };
		71719F9F1E33DC2100824A3D /* LaunchScreen.storyboard in Resources */ = {isa = PBXBuildFile; fileRef = 71719F9D1E33DC2100824A3D /* LaunchScreen.storyboard */; };
		873B8AEB1B1F5CCA007FD442 /* Main.storyboard in Resources */ = {isa = PBXBuildFile; fileRef = 873B8AEA1B1F5CCA007FD442 /* Main.storyboard */; };
		C7579D6B12079638D794F646 /* Pods_NPKitDemo_Example.framework in Frameworks */ = {isa = PBXBuildFile; fileRef = 5136CA4D223B23F6897AC053 /* Pods_NPKitDemo_Example.framework */; };
		E005B8E427116FCF000BDA26 /* SlowLargeTableViewController.m in Sources */ = {isa = PBXBuildFile; fileRef = E005B8E327116FCE000BDA26 /* SlowLargeTableViewController.m */; };
		E005B8EF27119F1A000BDA26 /* NPKitDemo_ExampleUITests.m in Sources */ = {isa = PBXBuildFile; fileRef = E005B8EE27119F1A000BDA26 /* NPKitDemo_ExampleUITests.m */; };
		E005B8F127119F1A000BDA26 /* NPKitDemo_ExampleUITestsLaunchTests.m in Sources */ = {isa = PBXBuildFile; fileRef = E005B8F027119F1A000BDA26 /* NPKitDemo_ExampleUITestsLaunchTests.m */; };
		E03640302706AB9D00BA1904 /* NPKDemoViewController+Test.m in Sources */ = {isa = PBXBuildFile; fileRef = E036402F2706AB9D00BA1904 /* NPKDemoViewController+Test.m */; };
		E06104672727D80F003341F7 /* NPKitDemoThreadsUnitTest.swift in Sources */ = {isa = PBXBuildFile; fileRef = E06104662727D80F003341F7 /* NPKitDemoThreadsUnitTest.swift */; };
		E081CF5D27182BC500A563DF /* NPKMockLaunchTaskA.m in Sources */ = {isa = PBXBuildFile; fileRef = E081CF5C27182BC500A563DF /* NPKMockLaunchTaskA.m */; };
		E081CF6027182D6F00A563DF /* NPKMockLaunchTaskB.m in Sources */ = {isa = PBXBuildFile; fileRef = E081CF5F27182D6F00A563DF /* NPKMockLaunchTaskB.m */; };
		E081CF6327182FA900A563DF /* NPKPerfMonitorInitTask.m in Sources */ = {isa = PBXBuildFile; fileRef = E081CF6227182FA800A563DF /* NPKPerfMonitorInitTask.m */; };
		E081CF66271833EF00A563DF /* NPKMockLaunchTaskC.m in Sources */ = {isa = PBXBuildFile; fileRef = E081CF65271833EF00A563DF /* NPKMockLaunchTaskC.m */; };
		E081CF692718342800A563DF /* NPKMockLaunchTaskD.m in Sources */ = {isa = PBXBuildFile; fileRef = E081CF682718342800A563DF /* NPKMockLaunchTaskD.m */; };
		E081CF6C2719275900A563DF /* NPKMockLaunchTaskE.m in Sources */ = {isa = PBXBuildFile; fileRef = E081CF6B2719275900A563DF /* NPKMockLaunchTaskE.m */; };
		E08210EA2720053B00067774 /* NPKitMetricsUITests.swift in Sources */ = {isa = PBXBuildFile; fileRef = E08210E92720053B00067774 /* NPKitMetricsUITests.swift */; };
		E08210F22720194B00067774 /* ImageIO.framework in Frameworks */ = {isa = PBXBuildFile; fileRef = E08210F12720194B00067774 /* ImageIO.framework */; };
		E08210F42720195400067774 /* CoreServices.framework in Frameworks */ = {isa = PBXBuildFile; fileRef = E08210F32720195400067774 /* CoreServices.framework */; };
		E08210F6272146AC00067774 /* IMG_6340.png in Resources */ = {isa = PBXBuildFile; fileRef = E08210F5272146AB00067774 /* IMG_6340.png */; };
		E08210FC2721513D00067774 /* NPKImageProcessTestVC.m in Sources */ = {isa = PBXBuildFile; fileRef = E08210FB2721513D00067774 /* NPKImageProcessTestVC.m */; };
		E0ED5C052739099600B86D48 /* NPKDemoImageProcessUnitTests.m in Sources */ = {isa = PBXBuildFile; fileRef = E0ED5C042739099600B86D48 /* NPKDemoImageProcessUnitTests.m */; };
		E0ED5C11273A96E200B86D48 /* NPKDanmakuMsgViewController.swift in Sources */ = {isa = PBXBuildFile; fileRef = E0ED5C10273A96E200B86D48 /* NPKDanmakuMsgViewController.swift */; };
		E0ED5C13273A9A3200B86D48 /* NPKDanmakuTextCellModel.swift in Sources */ = {isa = PBXBuildFile; fileRef = E0ED5C12273A9A3200B86D48 /* NPKDanmakuTextCellModel.swift */; };
		E0ED5C18273AA03500B86D48 /* NPKDanmakuTextCell.swift in Sources */ = {isa = PBXBuildFile; fileRef = E0ED5C17273AA03500B86D48 /* NPKDanmakuTextCell.swift */; };
		F8A08959D9E74E5A05517059 /* Pods_NPKitDemo_Tests.framework in Frameworks */ = {isa = PBXBuildFile; fileRef = 42C2C6740C707A78F60D63B6 /* Pods_NPKitDemo_Tests.framework */; };
/* End PBXBuildFile section */

/* Begin PBXContainerItemProxy section */
		6003F5B3195388D20070C39A /* PBXContainerItemProxy */ = {
			isa = PBXContainerItemProxy;
			containerPortal = 6003F582195388D10070C39A /* Project object */;
			proxyType = 1;
			remoteGlobalIDString = 6003F589195388D20070C39A;
			remoteInfo = NPKitDemo;
		};
		E005B8F227119F1A000BDA26 /* PBXContainerItemProxy */ = {
			isa = PBXContainerItemProxy;
			containerPortal = 6003F582195388D10070C39A /* Project object */;
			proxyType = 1;
			remoteGlobalIDString = 6003F589195388D20070C39A;
			remoteInfo = NPKitDemo_Example;
		};
/* End PBXContainerItemProxy section */

/* Begin PBXFileReference section */
		1C9601AE644C440AF84F8C6F /* Pods-NPKitDemo_Example.release.xcconfig */ = {isa = PBXFileReference; includeInIndex = 1; lastKnownFileType = text.xcconfig; name = "Pods-NPKitDemo_Example.release.xcconfig"; path = "Target Support Files/Pods-NPKitDemo_Example/Pods-NPKitDemo_Example.release.xcconfig"; sourceTree = "<group>"; };
		42C2C6740C707A78F60D63B6 /* Pods_NPKitDemo_Tests.framework */ = {isa = PBXFileReference; explicitFileType = wrapper.framework; includeInIndex = 0; path = Pods_NPKitDemo_Tests.framework; sourceTree = BUILT_PRODUCTS_DIR; };
		47A218CD27A06782AABDD0DC /* Pods-NPKitDemo_Tests.debug.xcconfig */ = {isa = PBXFileReference; includeInIndex = 1; lastKnownFileType = text.xcconfig; name = "Pods-NPKitDemo_Tests.debug.xcconfig"; path = "Target Support Files/Pods-NPKitDemo_Tests/Pods-NPKitDemo_Tests.debug.xcconfig"; sourceTree = "<group>"; };
		5136CA4D223B23F6897AC053 /* Pods_NPKitDemo_Example.framework */ = {isa = PBXFileReference; explicitFileType = wrapper.framework; includeInIndex = 0; path = Pods_NPKitDemo_Example.framework; sourceTree = BUILT_PRODUCTS_DIR; };
		6003F58A195388D20070C39A /* NPKitDemo_Example.app */ = {isa = PBXFileReference; explicitFileType = wrapper.application; includeInIndex = 0; path = NPKitDemo_Example.app; sourceTree = BUILT_PRODUCTS_DIR; };
		6003F58D195388D20070C39A /* Foundation.framework */ = {isa = PBXFileReference; lastKnownFileType = wrapper.framework; name = Foundation.framework; path = System/Library/Frameworks/Foundation.framework; sourceTree = SDKROOT; };
		6003F58F195388D20070C39A /* CoreGraphics.framework */ = {isa = PBXFileReference; lastKnownFileType = wrapper.framework; name = CoreGraphics.framework; path = System/Library/Frameworks/CoreGraphics.framework; sourceTree = SDKROOT; };
		6003F591195388D20070C39A /* UIKit.framework */ = {isa = PBXFileReference; lastKnownFileType = wrapper.framework; name = UIKit.framework; path = System/Library/Frameworks/UIKit.framework; sourceTree = SDKROOT; };
		6003F595195388D20070C39A /* NPKitDemo-Info.plist */ = {isa = PBXFileReference; lastKnownFileType = text.plist.xml; path = "NPKitDemo-Info.plist"; sourceTree = "<group>"; };
		6003F597195388D20070C39A /* en */ = {isa = PBXFileReference; lastKnownFileType = text.plist.strings; name = en; path = en.lproj/InfoPlist.strings; sourceTree = "<group>"; };
		6003F599195388D20070C39A /* main.m */ = {isa = PBXFileReference; lastKnownFileType = sourcecode.c.objc; path = main.m; sourceTree = "<group>"; };
		6003F59B195388D20070C39A /* NPKitDemo-Prefix.pch */ = {isa = PBXFileReference; lastKnownFileType = sourcecode.c.h; path = "NPKitDemo-Prefix.pch"; sourceTree = "<group>"; };
		6003F59C195388D20070C39A /* NPKAppDelegate.h */ = {isa = PBXFileReference; lastKnownFileType = sourcecode.c.h; path = NPKAppDelegate.h; sourceTree = "<group>"; };
		6003F59D195388D20070C39A /* NPKAppDelegate.m */ = {isa = PBXFileReference; lastKnownFileType = sourcecode.c.objc; path = NPKAppDelegate.m; sourceTree = "<group>"; };
		6003F5A5195388D20070C39A /* NPKDemoViewController.h */ = {isa = PBXFileReference; lastKnownFileType = sourcecode.c.h; path = NPKDemoViewController.h; sourceTree = "<group>"; };
		6003F5A6195388D20070C39A /* NPKDemoViewController.m */ = {isa = PBXFileReference; lastKnownFileType = sourcecode.c.objc; path = NPKDemoViewController.m; sourceTree = "<group>"; };
		6003F5A8195388D20070C39A /* Images.xcassets */ = {isa = PBXFileReference; lastKnownFileType = folder.assetcatalog; path = Images.xcassets; sourceTree = "<group>"; };
		6003F5AE195388D20070C39A /* NPKitDemo_Tests.xctest */ = {isa = PBXFileReference; explicitFileType = wrapper.cfbundle; includeInIndex = 0; path = NPKitDemo_Tests.xctest; sourceTree = BUILT_PRODUCTS_DIR; };
		6003F5AF195388D20070C39A /* XCTest.framework */ = {isa = PBXFileReference; lastKnownFileType = wrapper.framework; name = XCTest.framework; path = Library/Frameworks/XCTest.framework; sourceTree = DEVELOPER_DIR; };
		6003F5B7195388D20070C39A /* Tests-Info.plist */ = {isa = PBXFileReference; lastKnownFileType = text.plist.xml; path = "Tests-Info.plist"; sourceTree = "<group>"; };
		6003F5B9195388D20070C39A /* en */ = {isa = PBXFileReference; lastKnownFileType = text.plist.strings; name = en; path = en.lproj/InfoPlist.strings; sourceTree = "<group>"; };
		6003F5BB195388D20070C39A /* NPKCommonUnitTests.m */ = {isa = PBXFileReference; lastKnownFileType = sourcecode.c.objc; path = NPKCommonUnitTests.m; sourceTree = "<group>"; };
		606FC2411953D9B200FFA9A0 /* Tests-Prefix.pch */ = {isa = PBXFileReference; lastKnownFileType = sourcecode.c.h; path = "Tests-Prefix.pch"; sourceTree = "<group>"; };
		6363ACC0D105F53CCB262A29 /* Pods-NPKitDemo_Tests.release.xcconfig */ = {isa = PBXFileReference; includeInIndex = 1; lastKnownFileType = text.xcconfig; name = "Pods-NPKitDemo_Tests.release.xcconfig"; path = "Target Support Files/Pods-NPKitDemo_Tests/Pods-NPKitDemo_Tests.release.xcconfig"; sourceTree = "<group>"; };
		65C69FA7A8A02BA4FBA2CDC0 /* Pods-NPKitDemo_Example.debug.xcconfig */ = {isa = PBXFileReference; includeInIndex = 1; lastKnownFileType = text.xcconfig; name = "Pods-NPKitDemo_Example.debug.xcconfig"; path = "Target Support Files/Pods-NPKitDemo_Example/Pods-NPKitDemo_Example.debug.xcconfig"; sourceTree = "<group>"; };
		6A4D7EE2D0EDC0D2646EAB1F /* LICENSE */ = {isa = PBXFileReference; includeInIndex = 1; lastKnownFileType = text; name = LICENSE; path = ../LICENSE; sourceTree = "<group>"; };
		71719F9E1E33DC2100824A3D /* Base */ = {isa = PBXFileReference; lastKnownFileType = file.storyboard; name = Base; path = Base.lproj/LaunchScreen.storyboard; sourceTree = "<group>"; };
		7DB635314BA005D1DA07A3E9 /* README.md */ = {isa = PBXFileReference; includeInIndex = 1; lastKnownFileType = net.daringfireball.markdown; name = README.md; path = ../README.md; sourceTree = "<group>"; };
		873B8AEA1B1F5CCA007FD442 /* Main.storyboard */ = {isa = PBXFileReference; fileEncoding = 4; lastKnownFileType = file.storyboard; name = Main.storyboard; path = Base.lproj/Main.storyboard; sourceTree = "<group>"; };
		D3D16189AE5EA42AFBF9F11F /* NPKitDemo.podspec */ = {isa = PBXFileReference; includeInIndex = 1; lastKnownFileType = file; name = NPKitDemo.podspec; path = ../NPKitDemo.podspec; sourceTree = "<group>"; };
		E005B8E227116FCE000BDA26 /* SlowLargeTableViewController.h */ = {isa = PBXFileReference; fileEncoding = 4; lastKnownFileType = sourcecode.c.h; path = SlowLargeTableViewController.h; sourceTree = "<group>"; };
		E005B8E327116FCE000BDA26 /* SlowLargeTableViewController.m */ = {isa = PBXFileReference; fileEncoding = 4; lastKnownFileType = sourcecode.c.objc; path = SlowLargeTableViewController.m; sourceTree = "<group>"; };
		E005B8EC27119F19000BDA26 /* NPKitDemo_ExampleUITests.xctest */ = {isa = PBXFileReference; explicitFileType = wrapper.cfbundle; includeInIndex = 0; path = NPKitDemo_ExampleUITests.xctest; sourceTree = BUILT_PRODUCTS_DIR; };
		E005B8EE27119F1A000BDA26 /* NPKitDemo_ExampleUITests.m */ = {isa = PBXFileReference; lastKnownFileType = sourcecode.c.objc; path = NPKitDemo_ExampleUITests.m; sourceTree = "<group>"; };
		E005B8F027119F1A000BDA26 /* NPKitDemo_ExampleUITestsLaunchTests.m */ = {isa = PBXFileReference; lastKnownFileType = sourcecode.c.objc; path = NPKitDemo_ExampleUITestsLaunchTests.m; sourceTree = "<group>"; };
		E036402E2706AB9D00BA1904 /* NPKDemoViewController+Test.h */ = {isa = PBXFileReference; lastKnownFileType = sourcecode.c.h; path = "NPKDemoViewController+Test.h"; sourceTree = "<group>"; };
		E036402F2706AB9D00BA1904 /* NPKDemoViewController+Test.m */ = {isa = PBXFileReference; lastKnownFileType = sourcecode.c.objc; path = "NPKDemoViewController+Test.m"; sourceTree = "<group>"; };
		E06104652727D80F003341F7 /* NPKitDemo_Tests-Bridging-Header.h */ = {isa = PBXFileReference; lastKnownFileType = sourcecode.c.h; path = "NPKitDemo_Tests-Bridging-Header.h"; sourceTree = "<group>"; };
		E06104662727D80F003341F7 /* NPKitDemoThreadsUnitTest.swift */ = {isa = PBXFileReference; lastKnownFileType = sourcecode.swift; path = NPKitDemoThreadsUnitTest.swift; sourceTree = "<group>"; };
		E081CF5B27182BC500A563DF /* NPKMockLaunchTaskA.h */ = {isa = PBXFileReference; lastKnownFileType = sourcecode.c.h; path = NPKMockLaunchTaskA.h; sourceTree = "<group>"; };
		E081CF5C27182BC500A563DF /* NPKMockLaunchTaskA.m */ = {isa = PBXFileReference; lastKnownFileType = sourcecode.c.objc; path = NPKMockLaunchTaskA.m; sourceTree = "<group>"; };
		E081CF5E27182D6F00A563DF /* NPKMockLaunchTaskB.h */ = {isa = PBXFileReference; lastKnownFileType = sourcecode.c.h; path = NPKMockLaunchTaskB.h; sourceTree = "<group>"; };
		E081CF5F27182D6F00A563DF /* NPKMockLaunchTaskB.m */ = {isa = PBXFileReference; lastKnownFileType = sourcecode.c.objc; path = NPKMockLaunchTaskB.m; sourceTree = "<group>"; };
		E081CF6127182FA800A563DF /* NPKPerfMonitorInitTask.h */ = {isa = PBXFileReference; lastKnownFileType = sourcecode.c.h; path = NPKPerfMonitorInitTask.h; sourceTree = "<group>"; };
		E081CF6227182FA800A563DF /* NPKPerfMonitorInitTask.m */ = {isa = PBXFileReference; lastKnownFileType = sourcecode.c.objc; path = NPKPerfMonitorInitTask.m; sourceTree = "<group>"; };
		E081CF64271833EF00A563DF /* NPKMockLaunchTaskC.h */ = {isa = PBXFileReference; lastKnownFileType = sourcecode.c.h; path = NPKMockLaunchTaskC.h; sourceTree = "<group>"; };
		E081CF65271833EF00A563DF /* NPKMockLaunchTaskC.m */ = {isa = PBXFileReference; lastKnownFileType = sourcecode.c.objc; path = NPKMockLaunchTaskC.m; sourceTree = "<group>"; };
		E081CF672718342800A563DF /* NPKMockLaunchTaskD.h */ = {isa = PBXFileReference; lastKnownFileType = sourcecode.c.h; path = NPKMockLaunchTaskD.h; sourceTree = "<group>"; };
		E081CF682718342800A563DF /* NPKMockLaunchTaskD.m */ = {isa = PBXFileReference; lastKnownFileType = sourcecode.c.objc; path = NPKMockLaunchTaskD.m; sourceTree = "<group>"; };
		E081CF6A2719275900A563DF /* NPKMockLaunchTaskE.h */ = {isa = PBXFileReference; lastKnownFileType = sourcecode.c.h; path = NPKMockLaunchTaskE.h; sourceTree = "<group>"; };
		E081CF6B2719275900A563DF /* NPKMockLaunchTaskE.m */ = {isa = PBXFileReference; lastKnownFileType = sourcecode.c.objc; path = NPKMockLaunchTaskE.m; sourceTree = "<group>"; };
		E08210E92720053B00067774 /* NPKitMetricsUITests.swift */ = {isa = PBXFileReference; lastKnownFileType = sourcecode.swift; path = NPKitMetricsUITests.swift; sourceTree = "<group>"; };
		E08210F027200F1C00067774 /* NPKitDemo_ExampleUITests-Bridging-Header.h */ = {isa = PBXFileReference; fileEncoding = 4; lastKnownFileType = sourcecode.c.h; name = "NPKitDemo_ExampleUITests-Bridging-Header.h"; path = "Tests/NPKitDemo_ExampleUITests-Bridging-Header.h"; sourceTree = SOURCE_ROOT; };
		E08210F12720194B00067774 /* ImageIO.framework */ = {isa = PBXFileReference; lastKnownFileType = wrapper.framework; name = ImageIO.framework; path = System/Library/Frameworks/ImageIO.framework; sourceTree = SDKROOT; };
		E08210F32720195400067774 /* CoreServices.framework */ = {isa = PBXFileReference; lastKnownFileType = wrapper.framework; name = CoreServices.framework; path = System/Library/Frameworks/CoreServices.framework; sourceTree = SDKROOT; };
		E08210F5272146AB00067774 /* IMG_6340.png */ = {isa = PBXFileReference; lastKnownFileType = image.png; path = IMG_6340.png; sourceTree = "<group>"; };
		E08210FA2721513D00067774 /* NPKImageProcessTestVC.h */ = {isa = PBXFileReference; lastKnownFileType = sourcecode.c.h; path = NPKImageProcessTestVC.h; sourceTree = "<group>"; };
		E08210FB2721513D00067774 /* NPKImageProcessTestVC.m */ = {isa = PBXFileReference; lastKnownFileType = sourcecode.c.objc; path = NPKImageProcessTestVC.m; sourceTree = "<group>"; };
		E0ED5C042739099600B86D48 /* NPKDemoImageProcessUnitTests.m */ = {isa = PBXFileReference; lastKnownFileType = sourcecode.c.objc; name = NPKDemoImageProcessUnitTests.m; path = Tests/NPKDemoImageProcessUnitTests.m; sourceTree = SOURCE_ROOT; };
		E0ED5C10273A96E200B86D48 /* NPKDanmakuMsgViewController.swift */ = {isa = PBXFileReference; lastKnownFileType = sourcecode.swift; path = NPKDanmakuMsgViewController.swift; sourceTree = "<group>"; };
		E0ED5C12273A9A3200B86D48 /* NPKDanmakuTextCellModel.swift */ = {isa = PBXFileReference; lastKnownFileType = sourcecode.swift; path = NPKDanmakuTextCellModel.swift; sourceTree = "<group>"; };
		E0ED5C16273A9EC300B86D48 /* NPKitDemo_Example-Bridging-Header.h */ = {isa = PBXFileReference; lastKnownFileType = sourcecode.c.h; path = "NPKitDemo_Example-Bridging-Header.h"; sourceTree = SOURCE_ROOT; };
		E0ED5C17273AA03500B86D48 /* NPKDanmakuTextCell.swift */ = {isa = PBXFileReference; lastKnownFileType = sourcecode.swift; path = NPKDanmakuTextCell.swift; sourceTree = "<group>"; };
/* End PBXFileReference section */

/* Begin PBXFrameworksBuildPhase section */
		6003F587195388D20070C39A /* Frameworks */ = {
			isa = PBXFrameworksBuildPhase;
			buildActionMask = 2147483647;
			files = (
				E08210F42720195400067774 /* CoreServices.framework in Frameworks */,
				E08210F22720194B00067774 /* ImageIO.framework in Frameworks */,
				6003F590195388D20070C39A /* CoreGraphics.framework in Frameworks */,
				6003F592195388D20070C39A /* UIKit.framework in Frameworks */,
				6003F58E195388D20070C39A /* Foundation.framework in Frameworks */,
				C7579D6B12079638D794F646 /* Pods_NPKitDemo_Example.framework in Frameworks */,
			);
			runOnlyForDeploymentPostprocessing = 0;
		};
		6003F5AB195388D20070C39A /* Frameworks */ = {
			isa = PBXFrameworksBuildPhase;
			buildActionMask = 2147483647;
			files = (
				6003F5B0195388D20070C39A /* XCTest.framework in Frameworks */,
				6003F5B2195388D20070C39A /* UIKit.framework in Frameworks */,
				6003F5B1195388D20070C39A /* Foundation.framework in Frameworks */,
				F8A08959D9E74E5A05517059 /* Pods_NPKitDemo_Tests.framework in Frameworks */,
			);
			runOnlyForDeploymentPostprocessing = 0;
		};
		E005B8E927119F19000BDA26 /* Frameworks */ = {
			isa = PBXFrameworksBuildPhase;
			buildActionMask = 2147483647;
			files = (
			);
			runOnlyForDeploymentPostprocessing = 0;
		};
/* End PBXFrameworksBuildPhase section */

/* Begin PBXGroup section */
		52CEE322CF165F266B67F388 /* Pods */ = {
			isa = PBXGroup;
			children = (
				65C69FA7A8A02BA4FBA2CDC0 /* Pods-NPKitDemo_Example.debug.xcconfig */,
				1C9601AE644C440AF84F8C6F /* Pods-NPKitDemo_Example.release.xcconfig */,
				47A218CD27A06782AABDD0DC /* Pods-NPKitDemo_Tests.debug.xcconfig */,
				6363ACC0D105F53CCB262A29 /* Pods-NPKitDemo_Tests.release.xcconfig */,
			);
			path = Pods;
			sourceTree = "<group>";
		};
		6003F581195388D10070C39A = {
			isa = PBXGroup;
			children = (
				60FF7A9C1954A5C5007DD14C /* Podspec Metadata */,
				6003F593195388D20070C39A /* Example for NPKitDemo */,
				6003F5B5195388D20070C39A /* Tests */,
				E005B8ED27119F1A000BDA26 /* NPKitDemo_ExampleUITests */,
				6003F58C195388D20070C39A /* Frameworks */,
				6003F58B195388D20070C39A /* Products */,
				52CEE322CF165F266B67F388 /* Pods */,
			);
			sourceTree = "<group>";
		};
		6003F58B195388D20070C39A /* Products */ = {
			isa = PBXGroup;
			children = (
				6003F58A195388D20070C39A /* NPKitDemo_Example.app */,
				6003F5AE195388D20070C39A /* NPKitDemo_Tests.xctest */,
				E005B8EC27119F19000BDA26 /* NPKitDemo_ExampleUITests.xctest */,
			);
			name = Products;
			sourceTree = "<group>";
		};
		6003F58C195388D20070C39A /* Frameworks */ = {
			isa = PBXGroup;
			children = (
				E08210F32720195400067774 /* CoreServices.framework */,
				E08210F12720194B00067774 /* ImageIO.framework */,
				6003F58D195388D20070C39A /* Foundation.framework */,
				6003F58F195388D20070C39A /* CoreGraphics.framework */,
				6003F591195388D20070C39A /* UIKit.framework */,
				6003F5AF195388D20070C39A /* XCTest.framework */,
				5136CA4D223B23F6897AC053 /* Pods_NPKitDemo_Example.framework */,
				42C2C6740C707A78F60D63B6 /* Pods_NPKitDemo_Tests.framework */,
			);
			name = Frameworks;
			sourceTree = "<group>";
		};
		6003F593195388D20070C39A /* Example for NPKitDemo */ = {
			isa = PBXGroup;
			children = (
				E071D1F526F86C350048321D /* NPKLaunchBiz */,
				6003F59C195388D20070C39A /* NPKAppDelegate.h */,
				6003F59D195388D20070C39A /* NPKAppDelegate.m */,
				873B8AEA1B1F5CCA007FD442 /* Main.storyboard */,
				E08210F727214C8B00067774 /* DemoBiz */,
				71719F9D1E33DC2100824A3D /* LaunchScreen.storyboard */,
				6003F5A8195388D20070C39A /* Images.xcassets */,
				E08210F5272146AB00067774 /* IMG_6340.png */,
				6003F594195388D20070C39A /* Supporting Files */,
			);
			name = "Example for NPKitDemo";
			path = NPKitDemo;
			sourceTree = "<group>";
		};
		6003F594195388D20070C39A /* Supporting Files */ = {
			isa = PBXGroup;
			children = (
				E0ED5C16273A9EC300B86D48 /* NPKitDemo_Example-Bridging-Header.h */,
				6003F595195388D20070C39A /* NPKitDemo-Info.plist */,
				6003F596195388D20070C39A /* InfoPlist.strings */,
				6003F599195388D20070C39A /* main.m */,
				6003F59B195388D20070C39A /* NPKitDemo-Prefix.pch */,
			);
			name = "Supporting Files";
			sourceTree = "<group>";
		};
		6003F5B5195388D20070C39A /* Tests */ = {
			isa = PBXGroup;
			children = (
				E08210F027200F1C00067774 /* NPKitDemo_ExampleUITests-Bridging-Header.h */,
				E06104662727D80F003341F7 /* NPKitDemoThreadsUnitTest.swift */,
				6003F5BB195388D20070C39A /* NPKCommonUnitTests.m */,
				6003F5B6195388D20070C39A /* Supporting Files */,
				E06104652727D80F003341F7 /* NPKitDemo_Tests-Bridging-Header.h */,
			);
			path = Tests;
			sourceTree = "<group>";
		};
		6003F5B6195388D20070C39A /* Supporting Files */ = {
			isa = PBXGroup;
			children = (
				6003F5B7195388D20070C39A /* Tests-Info.plist */,
				6003F5B8195388D20070C39A /* InfoPlist.strings */,
				606FC2411953D9B200FFA9A0 /* Tests-Prefix.pch */,
			);
			name = "Supporting Files";
			sourceTree = "<group>";
		};
		60FF7A9C1954A5C5007DD14C /* Podspec Metadata */ = {
			isa = PBXGroup;
			children = (
				D3D16189AE5EA42AFBF9F11F /* NPKitDemo.podspec */,
				7DB635314BA005D1DA07A3E9 /* README.md */,
				6A4D7EE2D0EDC0D2646EAB1F /* LICENSE */,
			);
			name = "Podspec Metadata";
			sourceTree = "<group>";
		};
		E005B8ED27119F1A000BDA26 /* NPKitDemo_ExampleUITests */ = {
			isa = PBXGroup;
			children = (
				E0ED5C042739099600B86D48 /* NPKDemoImageProcessUnitTests.m */,
				E08210E92720053B00067774 /* NPKitMetricsUITests.swift */,
				E005B8EE27119F1A000BDA26 /* NPKitDemo_ExampleUITests.m */,
				E005B8F027119F1A000BDA26 /* NPKitDemo_ExampleUITestsLaunchTests.m */,
			);
			path = NPKitDemo_ExampleUITests;
			sourceTree = "<group>";
		};
		E071D1F526F86C350048321D /* NPKLaunchBiz */ = {
			isa = PBXGroup;
			children = (
				E081CF5B27182BC500A563DF /* NPKMockLaunchTaskA.h */,
				E081CF5C27182BC500A563DF /* NPKMockLaunchTaskA.m */,
				E081CF5E27182D6F00A563DF /* NPKMockLaunchTaskB.h */,
				E081CF5F27182D6F00A563DF /* NPKMockLaunchTaskB.m */,
				E081CF6127182FA800A563DF /* NPKPerfMonitorInitTask.h */,
				E081CF6227182FA800A563DF /* NPKPerfMonitorInitTask.m */,
				E081CF64271833EF00A563DF /* NPKMockLaunchTaskC.h */,
				E081CF65271833EF00A563DF /* NPKMockLaunchTaskC.m */,
				E081CF672718342800A563DF /* NPKMockLaunchTaskD.h */,
				E081CF682718342800A563DF /* NPKMockLaunchTaskD.m */,
				E081CF6A2719275900A563DF /* NPKMockLaunchTaskE.h */,
				E081CF6B2719275900A563DF /* NPKMockLaunchTaskE.m */,
			);
			path = NPKLaunchBiz;
			sourceTree = "<group>";
		};
		E08210F727214C8B00067774 /* DemoBiz */ = {
			isa = PBXGroup;
			children = (
				E0ED5C1A273AA19800B86D48 /* DemoVC */,
				E0ED5C19273AA16A00B86D48 /* DanmukuMsgView */,
			);
			path = DemoBiz;
			sourceTree = "<group>";
		};
		E0ED5C19273AA16A00B86D48 /* DanmukuMsgView */ = {
			isa = PBXGroup;
			children = (
				E0ED5C10273A96E200B86D48 /* NPKDanmakuMsgViewController.swift */,
				E0ED5C12273A9A3200B86D48 /* NPKDanmakuTextCellModel.swift */,
				E0ED5C17273AA03500B86D48 /* NPKDanmakuTextCell.swift */,
			);
			path = DanmukuMsgView;
			sourceTree = "<group>";
		};
		E0ED5C1A273AA19800B86D48 /* DemoVC */ = {
			isa = PBXGroup;
			children = (
				E005B8E227116FCE000BDA26 /* SlowLargeTableViewController.h */,
				E005B8E327116FCE000BDA26 /* SlowLargeTableViewController.m */,
				E08210FA2721513D00067774 /* NPKImageProcessTestVC.h */,
				E08210FB2721513D00067774 /* NPKImageProcessTestVC.m */,
				6003F5A5195388D20070C39A /* NPKDemoViewController.h */,
				6003F5A6195388D20070C39A /* NPKDemoViewController.m */,
				E036402E2706AB9D00BA1904 /* NPKDemoViewController+Test.h */,
				E036402F2706AB9D00BA1904 /* NPKDemoViewController+Test.m */,
			);
			path = DemoVC;
			sourceTree = "<group>";
		};
/* End PBXGroup section */

/* Begin PBXNativeTarget section */
		6003F589195388D20070C39A /* NPKitDemo_Example */ = {
			isa = PBXNativeTarget;
			buildConfigurationList = 6003F5BF195388D20070C39A /* Build configuration list for PBXNativeTarget "NPKitDemo_Example" */;
			buildPhases = (
				07BFE427E208CE6B85960BEB /* [CP] Check Pods Manifest.lock */,
				6003F586195388D20070C39A /* Sources */,
				6003F587195388D20070C39A /* Frameworks */,
				6003F588195388D20070C39A /* Resources */,
				E63E94B34C679F9979E36971 /* [CP] Embed Pods Frameworks */,
			);
			buildRules = (
			);
			dependencies = (
			);
			name = NPKitDemo_Example;
			productName = NPKitDemo;
			productReference = 6003F58A195388D20070C39A /* NPKitDemo_Example.app */;
			productType = "com.apple.product-type.application";
		};
		6003F5AD195388D20070C39A /* NPKitDemo_Tests */ = {
			isa = PBXNativeTarget;
			buildConfigurationList = 6003F5C2195388D20070C39A /* Build configuration list for PBXNativeTarget "NPKitDemo_Tests" */;
			buildPhases = (
				B789171E10FC882D8A7A9FEF /* [CP] Check Pods Manifest.lock */,
				6003F5AA195388D20070C39A /* Sources */,
				6003F5AB195388D20070C39A /* Frameworks */,
				6003F5AC195388D20070C39A /* Resources */,
			);
			buildRules = (
			);
			dependencies = (
				6003F5B4195388D20070C39A /* PBXTargetDependency */,
			);
			name = NPKitDemo_Tests;
			productName = NPKitDemoTests;
			productReference = 6003F5AE195388D20070C39A /* NPKitDemo_Tests.xctest */;
			productType = "com.apple.product-type.bundle.unit-test";
		};
		E005B8EB27119F19000BDA26 /* NPKitDemo_ExampleUITests */ = {
			isa = PBXNativeTarget;
			buildConfigurationList = E005B8F427119F1A000BDA26 /* Build configuration list for PBXNativeTarget "NPKitDemo_ExampleUITests" */;
			buildPhases = (
				E005B8E827119F19000BDA26 /* Sources */,
				E005B8E927119F19000BDA26 /* Frameworks */,
				E005B8EA27119F19000BDA26 /* Resources */,
			);
			buildRules = (
			);
			dependencies = (
				E005B8F327119F1A000BDA26 /* PBXTargetDependency */,
			);
			name = NPKitDemo_ExampleUITests;
			productName = NPKitDemo_ExampleUITests;
			productReference = E005B8EC27119F19000BDA26 /* NPKitDemo_ExampleUITests.xctest */;
			productType = "com.apple.product-type.bundle.ui-testing";
		};
/* End PBXNativeTarget section */

/* Begin PBXProject section */
		6003F582195388D10070C39A /* Project object */ = {
			isa = PBXProject;
			attributes = {
				CLASSPREFIX = NPK;
				LastUpgradeCheck = 1300;
				ORGANIZATIONNAME = "jinglong.bi@me.com";
				TargetAttributes = {
					6003F589195388D20070C39A = {
						DevelopmentTeam = A83729LRD6;
						LastSwiftMigration = 1300;
					};
					6003F5AD195388D20070C39A = {
						LastSwiftMigration = 1300;
						TestTargetID = 6003F589195388D20070C39A;
					};
					E005B8EB27119F19000BDA26 = {
						CreatedOnToolsVersion = 13.0;
						DevelopmentTeam = A83729LRD6;
						LastSwiftMigration = 1300;
						ProvisioningStyle = Automatic;
						TestTargetID = 6003F589195388D20070C39A;
					};
				};
			};
			buildConfigurationList = 6003F585195388D10070C39A /* Build configuration list for PBXProject "NPKitDemo" */;
			compatibilityVersion = "Xcode 3.2";
			developmentRegion = en;
			hasScannedForEncodings = 0;
			knownRegions = (
				en,
				Base,
			);
			mainGroup = 6003F581195388D10070C39A;
			productRefGroup = 6003F58B195388D20070C39A /* Products */;
			projectDirPath = "";
			projectRoot = "";
			targets = (
				6003F589195388D20070C39A /* NPKitDemo_Example */,
				6003F5AD195388D20070C39A /* NPKitDemo_Tests */,
				E005B8EB27119F19000BDA26 /* NPKitDemo_ExampleUITests */,
			);
		};
/* End PBXProject section */

/* Begin PBXResourcesBuildPhase section */
		6003F588195388D20070C39A /* Resources */ = {
			isa = PBXResourcesBuildPhase;
			buildActionMask = 2147483647;
			files = (
				873B8AEB1B1F5CCA007FD442 /* Main.storyboard in Resources */,
				71719F9F1E33DC2100824A3D /* LaunchScreen.storyboard in Resources */,
				6003F5A9195388D20070C39A /* Images.xcassets in Resources */,
				6003F598195388D20070C39A /* InfoPlist.strings in Resources */,
				E08210F6272146AC00067774 /* IMG_6340.png in Resources */,
			);
			runOnlyForDeploymentPostprocessing = 0;
		};
		6003F5AC195388D20070C39A /* Resources */ = {
			isa = PBXResourcesBuildPhase;
			buildActionMask = 2147483647;
			files = (
				6003F5BA195388D20070C39A /* InfoPlist.strings in Resources */,
			);
			runOnlyForDeploymentPostprocessing = 0;
		};
		E005B8EA27119F19000BDA26 /* Resources */ = {
			isa = PBXResourcesBuildPhase;
			buildActionMask = 2147483647;
			files = (
			);
			runOnlyForDeploymentPostprocessing = 0;
		};
/* End PBXResourcesBuildPhase section */

/* Begin PBXShellScriptBuildPhase section */
		07BFE427E208CE6B85960BEB /* [CP] Check Pods Manifest.lock */ = {
			isa = PBXShellScriptBuildPhase;
			buildActionMask = 2147483647;
			files = (
			);
			inputFileListPaths = (
			);
			inputPaths = (
				"${PODS_PODFILE_DIR_PATH}/Podfile.lock",
				"${PODS_ROOT}/Manifest.lock",
			);
			name = "[CP] Check Pods Manifest.lock";
			outputFileListPaths = (
			);
			outputPaths = (
				"$(DERIVED_FILE_DIR)/Pods-NPKitDemo_Example-checkManifestLockResult.txt",
			);
			runOnlyForDeploymentPostprocessing = 0;
			shellPath = /bin/sh;
			shellScript = "diff \"${PODS_PODFILE_DIR_PATH}/Podfile.lock\" \"${PODS_ROOT}/Manifest.lock\" > /dev/null\nif [ $? != 0 ] ; then\n    # print error to STDERR\n    echo \"error: The sandbox is not in sync with the Podfile.lock. Run 'pod install' or update your CocoaPods installation.\" >&2\n    exit 1\nfi\n# This output is used by Xcode 'outputs' to avoid re-running this script phase.\necho \"SUCCESS\" > \"${SCRIPT_OUTPUT_FILE_0}\"\n";
			showEnvVarsInLog = 0;
		};
		B789171E10FC882D8A7A9FEF /* [CP] Check Pods Manifest.lock */ = {
			isa = PBXShellScriptBuildPhase;
			buildActionMask = 2147483647;
			files = (
			);
			inputFileListPaths = (
			);
			inputPaths = (
				"${PODS_PODFILE_DIR_PATH}/Podfile.lock",
				"${PODS_ROOT}/Manifest.lock",
			);
			name = "[CP] Check Pods Manifest.lock";
			outputFileListPaths = (
			);
			outputPaths = (
				"$(DERIVED_FILE_DIR)/Pods-NPKitDemo_Tests-checkManifestLockResult.txt",
			);
			runOnlyForDeploymentPostprocessing = 0;
			shellPath = /bin/sh;
			shellScript = "diff \"${PODS_PODFILE_DIR_PATH}/Podfile.lock\" \"${PODS_ROOT}/Manifest.lock\" > /dev/null\nif [ $? != 0 ] ; then\n    # print error to STDERR\n    echo \"error: The sandbox is not in sync with the Podfile.lock. Run 'pod install' or update your CocoaPods installation.\" >&2\n    exit 1\nfi\n# This output is used by Xcode 'outputs' to avoid re-running this script phase.\necho \"SUCCESS\" > \"${SCRIPT_OUTPUT_FILE_0}\"\n";
			showEnvVarsInLog = 0;
		};
		E63E94B34C679F9979E36971 /* [CP] Embed Pods Frameworks */ = {
			isa = PBXShellScriptBuildPhase;
			buildActionMask = 2147483647;
			files = (
			);
			inputPaths = (
				"${PODS_ROOT}/Target Support Files/Pods-NPKitDemo_Example/Pods-NPKitDemo_Example-frameworks.sh",
				"${BUILT_PRODUCTS_DIR}/DanmakuKit/DanmakuKit.framework",
				"${BUILT_PRODUCTS_DIR}/Masonry/Masonry.framework",
				"${BUILT_PRODUCTS_DIR}/NicePerformanceKit/NicePerformanceKit.framework",
			);
			name = "[CP] Embed Pods Frameworks";
			outputPaths = (
				"${TARGET_BUILD_DIR}/${FRAMEWORKS_FOLDER_PATH}/DanmakuKit.framework",
				"${TARGET_BUILD_DIR}/${FRAMEWORKS_FOLDER_PATH}/Masonry.framework",
				"${TARGET_BUILD_DIR}/${FRAMEWORKS_FOLDER_PATH}/NicePerformanceKit.framework",
			);
			runOnlyForDeploymentPostprocessing = 0;
			shellPath = /bin/sh;
			shellScript = "\"${PODS_ROOT}/Target Support Files/Pods-NPKitDemo_Example/Pods-NPKitDemo_Example-frameworks.sh\"\n";
			showEnvVarsInLog = 0;
		};
/* End PBXShellScriptBuildPhase section */

/* Begin PBXSourcesBuildPhase section */
		6003F586195388D20070C39A /* Sources */ = {
			isa = PBXSourcesBuildPhase;
			buildActionMask = 2147483647;
			files = (
				6003F59E195388D20070C39A /* NPKAppDelegate.m in Sources */,
				E081CF6327182FA900A563DF /* NPKPerfMonitorInitTask.m in Sources */,
				E0ED5C11273A96E200B86D48 /* NPKDanmakuMsgViewController.swift in Sources */,
				E081CF5D27182BC500A563DF /* NPKMockLaunchTaskA.m in Sources */,
				E0ED5C18273AA03500B86D48 /* NPKDanmakuTextCell.swift in Sources */,
				E081CF692718342800A563DF /* NPKMockLaunchTaskD.m in Sources */,
				E081CF66271833EF00A563DF /* NPKMockLaunchTaskC.m in Sources */,
				E0ED5C13273A9A3200B86D48 /* NPKDanmakuTextCellModel.swift in Sources */,
				6003F5A7195388D20070C39A /* NPKDemoViewController.m in Sources */,
				E08210FC2721513D00067774 /* NPKImageProcessTestVC.m in Sources */,
				E081CF6027182D6F00A563DF /* NPKMockLaunchTaskB.m in Sources */,
				6003F59A195388D20070C39A /* main.m in Sources */,
				E081CF6C2719275900A563DF /* NPKMockLaunchTaskE.m in Sources */,
				E005B8E427116FCF000BDA26 /* SlowLargeTableViewController.m in Sources */,
				E03640302706AB9D00BA1904 /* NPKDemoViewController+Test.m in Sources */,
			);
			runOnlyForDeploymentPostprocessing = 0;
		};
		6003F5AA195388D20070C39A /* Sources */ = {
			isa = PBXSourcesBuildPhase;
			buildActionMask = 2147483647;
			files = (
				E0ED5C052739099600B86D48 /* NPKDemoImageProcessUnitTests.m in Sources */,
				6003F5BC195388D20070C39A /* NPKCommonUnitTests.m in Sources */,
				E06104672727D80F003341F7 /* NPKitDemoThreadsUnitTest.swift in Sources */,
			);
			runOnlyForDeploymentPostprocessing = 0;
		};
		E005B8E827119F19000BDA26 /* Sources */ = {
			isa = PBXSourcesBuildPhase;
			buildActionMask = 2147483647;
			files = (
				E005B8EF27119F1A000BDA26 /* NPKitDemo_ExampleUITests.m in Sources */,
				E08210EA2720053B00067774 /* NPKitMetricsUITests.swift in Sources */,
				E005B8F127119F1A000BDA26 /* NPKitDemo_ExampleUITestsLaunchTests.m in Sources */,
			);
			runOnlyForDeploymentPostprocessing = 0;
		};
/* End PBXSourcesBuildPhase section */

/* Begin PBXTargetDependency section */
		6003F5B4195388D20070C39A /* PBXTargetDependency */ = {
			isa = PBXTargetDependency;
			target = 6003F589195388D20070C39A /* NPKitDemo_Example */;
			targetProxy = 6003F5B3195388D20070C39A /* PBXContainerItemProxy */;
		};
		E005B8F327119F1A000BDA26 /* PBXTargetDependency */ = {
			isa = PBXTargetDependency;
			target = 6003F589195388D20070C39A /* NPKitDemo_Example */;
			targetProxy = E005B8F227119F1A000BDA26 /* PBXContainerItemProxy */;
		};
/* End PBXTargetDependency section */

/* Begin PBXVariantGroup section */
		6003F596195388D20070C39A /* InfoPlist.strings */ = {
			isa = PBXVariantGroup;
			children = (
				6003F597195388D20070C39A /* en */,
			);
			name = InfoPlist.strings;
			sourceTree = "<group>";
		};
		6003F5B8195388D20070C39A /* InfoPlist.strings */ = {
			isa = PBXVariantGroup;
			children = (
				6003F5B9195388D20070C39A /* en */,
			);
			name = InfoPlist.strings;
			sourceTree = "<group>";
		};
		71719F9D1E33DC2100824A3D /* LaunchScreen.storyboard */ = {
			isa = PBXVariantGroup;
			children = (
				71719F9E1E33DC2100824A3D /* Base */,
			);
			name = LaunchScreen.storyboard;
			sourceTree = "<group>";
		};
/* End PBXVariantGroup section */

/* Begin XCBuildConfiguration section */
		6003F5BD195388D20070C39A /* Debug */ = {
			isa = XCBuildConfiguration;
			buildSettings = {
				ALWAYS_SEARCH_USER_PATHS = NO;
				CLANG_ANALYZER_LOCALIZABILITY_NONLOCALIZED = YES;
				CLANG_CXX_LANGUAGE_STANDARD = "gnu++0x";
				CLANG_CXX_LIBRARY = "libc++";
				CLANG_ENABLE_MODULES = YES;
				CLANG_ENABLE_OBJC_ARC = YES;
				CLANG_WARN_BLOCK_CAPTURE_AUTORELEASING = YES;
				CLANG_WARN_BOOL_CONVERSION = YES;
				CLANG_WARN_COMMA = YES;
				CLANG_WARN_CONSTANT_CONVERSION = YES;
				CLANG_WARN_DEPRECATED_OBJC_IMPLEMENTATIONS = YES;
				CLANG_WARN_DIRECT_OBJC_ISA_USAGE = YES_ERROR;
				CLANG_WARN_EMPTY_BODY = YES;
				CLANG_WARN_ENUM_CONVERSION = YES;
				CLANG_WARN_INFINITE_RECURSION = YES;
				CLANG_WARN_INT_CONVERSION = YES;
				CLANG_WARN_NON_LITERAL_NULL_CONVERSION = YES;
				CLANG_WARN_OBJC_IMPLICIT_RETAIN_SELF = YES;
				CLANG_WARN_OBJC_LITERAL_CONVERSION = YES;
				CLANG_WARN_OBJC_ROOT_CLASS = YES_ERROR;
				CLANG_WARN_QUOTED_INCLUDE_IN_FRAMEWORK_HEADER = YES;
				CLANG_WARN_RANGE_LOOP_ANALYSIS = YES;
				CLANG_WARN_STRICT_PROTOTYPES = YES;
				CLANG_WARN_SUSPICIOUS_MOVE = YES;
				CLANG_WARN_UNREACHABLE_CODE = YES;
				CLANG_WARN__DUPLICATE_METHOD_MATCH = YES;
				"CODE_SIGN_IDENTITY[sdk=iphoneos*]" = "iPhone Developer";
				COPY_PHASE_STRIP = NO;
				ENABLE_STRICT_OBJC_MSGSEND = YES;
				ENABLE_TESTABILITY = YES;
				GCC_C_LANGUAGE_STANDARD = gnu99;
				GCC_DYNAMIC_NO_PIC = NO;
				GCC_NO_COMMON_BLOCKS = YES;
				GCC_OPTIMIZATION_LEVEL = 0;
				GCC_PREPROCESSOR_DEFINITIONS = (
					"DEBUG=1",
					"$(inherited)",
				);
				GCC_SYMBOLS_PRIVATE_EXTERN = NO;
				GCC_WARN_64_TO_32_BIT_CONVERSION = YES;
				GCC_WARN_ABOUT_RETURN_TYPE = YES_ERROR;
				GCC_WARN_UNDECLARED_SELECTOR = YES;
				GCC_WARN_UNINITIALIZED_AUTOS = YES_AGGRESSIVE;
				GCC_WARN_UNUSED_FUNCTION = YES;
				GCC_WARN_UNUSED_VARIABLE = YES;
				IPHONEOS_DEPLOYMENT_TARGET = 10.0;
				ONLY_ACTIVE_ARCH = YES;
				SDKROOT = iphoneos;
				TARGETED_DEVICE_FAMILY = "1,2";
			};
			name = Debug;
		};
		6003F5BE195388D20070C39A /* Release */ = {
			isa = XCBuildConfiguration;
			buildSettings = {
				ALWAYS_SEARCH_USER_PATHS = NO;
				CLANG_ANALYZER_LOCALIZABILITY_NONLOCALIZED = YES;
				CLANG_CXX_LANGUAGE_STANDARD = "gnu++0x";
				CLANG_CXX_LIBRARY = "libc++";
				CLANG_ENABLE_MODULES = YES;
				CLANG_ENABLE_OBJC_ARC = YES;
				CLANG_WARN_BLOCK_CAPTURE_AUTORELEASING = YES;
				CLANG_WARN_BOOL_CONVERSION = YES;
				CLANG_WARN_COMMA = YES;
				CLANG_WARN_CONSTANT_CONVERSION = YES;
				CLANG_WARN_DEPRECATED_OBJC_IMPLEMENTATIONS = YES;
				CLANG_WARN_DIRECT_OBJC_ISA_USAGE = YES_ERROR;
				CLANG_WARN_EMPTY_BODY = YES;
				CLANG_WARN_ENUM_CONVERSION = YES;
				CLANG_WARN_INFINITE_RECURSION = YES;
				CLANG_WARN_INT_CONVERSION = YES;
				CLANG_WARN_NON_LITERAL_NULL_CONVERSION = YES;
				CLANG_WARN_OBJC_IMPLICIT_RETAIN_SELF = YES;
				CLANG_WARN_OBJC_LITERAL_CONVERSION = YES;
				CLANG_WARN_OBJC_ROOT_CLASS = YES_ERROR;
				CLANG_WARN_QUOTED_INCLUDE_IN_FRAMEWORK_HEADER = YES;
				CLANG_WARN_RANGE_LOOP_ANALYSIS = YES;
				CLANG_WARN_STRICT_PROTOTYPES = YES;
				CLANG_WARN_SUSPICIOUS_MOVE = YES;
				CLANG_WARN_UNREACHABLE_CODE = YES;
				CLANG_WARN__DUPLICATE_METHOD_MATCH = YES;
				"CODE_SIGN_IDENTITY[sdk=iphoneos*]" = "iPhone Developer";
				COPY_PHASE_STRIP = YES;
				ENABLE_NS_ASSERTIONS = NO;
				ENABLE_STRICT_OBJC_MSGSEND = YES;
				GCC_C_LANGUAGE_STANDARD = gnu99;
				GCC_NO_COMMON_BLOCKS = YES;
				GCC_WARN_64_TO_32_BIT_CONVERSION = YES;
				GCC_WARN_ABOUT_RETURN_TYPE = YES_ERROR;
				GCC_WARN_UNDECLARED_SELECTOR = YES;
				GCC_WARN_UNINITIALIZED_AUTOS = YES_AGGRESSIVE;
				GCC_WARN_UNUSED_FUNCTION = YES;
				GCC_WARN_UNUSED_VARIABLE = YES;
				IPHONEOS_DEPLOYMENT_TARGET = 10.0;
				SDKROOT = iphoneos;
				TARGETED_DEVICE_FAMILY = "1,2";
				VALIDATE_PRODUCT = YES;
			};
			name = Release;
		};
		6003F5C0195388D20070C39A /* Debug */ = {
			isa = XCBuildConfiguration;
			baseConfigurationReference = 65C69FA7A8A02BA4FBA2CDC0 /* Pods-NPKitDemo_Example.debug.xcconfig */;
			buildSettings = {
				ASSETCATALOG_COMPILER_APPICON_NAME = AppIcon;
				CLANG_ENABLE_MODULES = YES;
				DEFINES_MODULE = YES;
				DEVELOPMENT_TEAM = A83729LRD6;
				GCC_PRECOMPILE_PREFIX_HEADER = YES;
				GCC_PREFIX_HEADER = "NPKitDemo/NPKitDemo-Prefix.pch";
				INFOPLIST_FILE = "NPKitDemo/NPKitDemo-Info.plist";
				IPHONEOS_DEPLOYMENT_TARGET = 10.0;
				LD_RUNPATH_SEARCH_PATHS = "$(inherited) @executable_path/Frameworks";
				MODULE_NAME = ExampleApp;
				PRODUCT_BUNDLE_IDENTIFIER = "com.tangyuan.NPKitDemo-Example";
				PRODUCT_NAME = "$(TARGET_NAME)";
				SWIFT_OBJC_BRIDGING_HEADER = "Tests/NPKitDemo_Example-Bridging-Header.h";
				SWIFT_OPTIMIZATION_LEVEL = "-Onone";
				SWIFT_VERSION = 4.0;
				WRAPPER_EXTENSION = app;
			};
			name = Debug;
		};
		6003F5C1195388D20070C39A /* Release */ = {
			isa = XCBuildConfiguration;
			baseConfigurationReference = 1C9601AE644C440AF84F8C6F /* Pods-NPKitDemo_Example.release.xcconfig */;
			buildSettings = {
				ASSETCATALOG_COMPILER_APPICON_NAME = AppIcon;
				CLANG_ENABLE_MODULES = YES;
				DEFINES_MODULE = YES;
				DEVELOPMENT_TEAM = A83729LRD6;
				GCC_PRECOMPILE_PREFIX_HEADER = YES;
				GCC_PREFIX_HEADER = "NPKitDemo/NPKitDemo-Prefix.pch";
				INFOPLIST_FILE = "NPKitDemo/NPKitDemo-Info.plist";
				IPHONEOS_DEPLOYMENT_TARGET = 10.0;
				LD_RUNPATH_SEARCH_PATHS = "$(inherited) @executable_path/Frameworks";
				MODULE_NAME = ExampleApp;
				PRODUCT_BUNDLE_IDENTIFIER = "com.tangyuan.NPKitDemo-Example";
				PRODUCT_NAME = "$(TARGET_NAME)";
				SWIFT_OBJC_BRIDGING_HEADER = "Tests/NPKitDemo_Example-Bridging-Header.h";
				SWIFT_VERSION = 4.0;
				WRAPPER_EXTENSION = app;
			};
			name = Release;
		};
		6003F5C3195388D20070C39A /* Debug */ = {
			isa = XCBuildConfiguration;
			baseConfigurationReference = 47A218CD27A06782AABDD0DC /* Pods-NPKitDemo_Tests.debug.xcconfig */;
			buildSettings = {
				ALWAYS_EMBED_SWIFT_STANDARD_LIBRARIES = YES;
				BUNDLE_LOADER = "$(TEST_HOST)";
				CLANG_ENABLE_MODULES = YES;
				FRAMEWORK_SEARCH_PATHS = (
					"$(PLATFORM_DIR)/Developer/Library/Frameworks",
					"$(inherited)",
					"$(DEVELOPER_FRAMEWORKS_DIR)",
				);
				GCC_PRECOMPILE_PREFIX_HEADER = YES;
				GCC_PREFIX_HEADER = "Tests/Tests-Prefix.pch";
				GCC_PREPROCESSOR_DEFINITIONS = (
					"DEBUG=1",
					"$(inherited)",
				);
				INFOPLIST_FILE = "Tests/Tests-Info.plist";
				LD_RUNPATH_SEARCH_PATHS = "$(inherited) @executable_path/Frameworks @loader_path/Frameworks";
				PRODUCT_BUNDLE_IDENTIFIER = "org.cocoapods.demo.${PRODUCT_NAME:rfc1034identifier}";
				PRODUCT_NAME = "$(TARGET_NAME)";
				SWIFT_OBJC_BRIDGING_HEADER = "Tests/NPKitDemo_Tests-Bridging-Header.h";
				SWIFT_OPTIMIZATION_LEVEL = "-Onone";
				SWIFT_VERSION = 4.0;
				TEST_HOST = "$(BUILT_PRODUCTS_DIR)/NPKitDemo_Example.app/NPKitDemo_Example";
				WRAPPER_EXTENSION = xctest;
			};
			name = Debug;
		};
		6003F5C4195388D20070C39A /* Release */ = {
			isa = XCBuildConfiguration;
			baseConfigurationReference = 6363ACC0D105F53CCB262A29 /* Pods-NPKitDemo_Tests.release.xcconfig */;
			buildSettings = {
				ALWAYS_EMBED_SWIFT_STANDARD_LIBRARIES = YES;
				BUNDLE_LOADER = "$(TEST_HOST)";
				CLANG_ENABLE_MODULES = YES;
				FRAMEWORK_SEARCH_PATHS = (
					"$(PLATFORM_DIR)/Developer/Library/Frameworks",
					"$(inherited)",
					"$(DEVELOPER_FRAMEWORKS_DIR)",
				);
				GCC_PRECOMPILE_PREFIX_HEADER = YES;
				GCC_PREFIX_HEADER = "Tests/Tests-Prefix.pch";
				INFOPLIST_FILE = "Tests/Tests-Info.plist";
				LD_RUNPATH_SEARCH_PATHS = "$(inherited) @executable_path/Frameworks @loader_path/Frameworks";
				PRODUCT_BUNDLE_IDENTIFIER = "org.cocoapods.demo.${PRODUCT_NAME:rfc1034identifier}";
				PRODUCT_NAME = "$(TARGET_NAME)";
				SWIFT_OBJC_BRIDGING_HEADER = "Tests/NPKitDemo_Tests-Bridging-Header.h";
				SWIFT_VERSION = 4.0;
				TEST_HOST = "$(BUILT_PRODUCTS_DIR)/NPKitDemo_Example.app/NPKitDemo_Example";
				WRAPPER_EXTENSION = xctest;
			};
			name = Release;
		};
		E005B8F527119F1A000BDA26 /* Debug */ = {
			isa = XCBuildConfiguration;
			buildSettings = {
				ALWAYS_EMBED_SWIFT_STANDARD_LIBRARIES = YES;
				CLANG_ANALYZER_NONNULL = YES;
				CLANG_ANALYZER_NUMBER_OBJECT_CONVERSION = YES_AGGRESSIVE;
				CLANG_CXX_LANGUAGE_STANDARD = "gnu++17";
				CLANG_ENABLE_MODULES = YES;
				CLANG_ENABLE_OBJC_WEAK = YES;
				CLANG_WARN_DOCUMENTATION_COMMENTS = YES;
				CLANG_WARN_UNGUARDED_AVAILABILITY = YES_AGGRESSIVE;
				CODE_SIGN_STYLE = Automatic;
				CURRENT_PROJECT_VERSION = 1;
				DEBUG_INFORMATION_FORMAT = dwarf;
				DEVELOPMENT_TEAM = A83729LRD6;
				GCC_C_LANGUAGE_STANDARD = gnu11;
				GENERATE_INFOPLIST_FILE = YES;
				IPHONEOS_DEPLOYMENT_TARGET = 10.0;
				LD_RUNPATH_SEARCH_PATHS = "$(inherited) @executable_path/Frameworks @loader_path/Frameworks";
				MARKETING_VERSION = 1.0;
				MTL_ENABLE_DEBUG_INFO = INCLUDE_SOURCE;
				MTL_FAST_MATH = YES;
				PRODUCT_BUNDLE_IDENTIFIER = "com.tangyuan.npkit.demo.uitest.NPKitDemo-ExampleUITests";
				PRODUCT_NAME = "$(TARGET_NAME)";
				SWIFT_EMIT_LOC_STRINGS = NO;
				SWIFT_OBJC_BRIDGING_HEADER = "NPKitDemo_ExampleUITests-Bridging-Header.h";
				SWIFT_OPTIMIZATION_LEVEL = "-Onone";
				SWIFT_VERSION = 5.0;
				TARGETED_DEVICE_FAMILY = "1,2";
				TEST_TARGET_NAME = NPKitDemo_Example;
			};
			name = Debug;
		};
		E005B8F627119F1A000BDA26 /* Release */ = {
			isa = XCBuildConfiguration;
			buildSettings = {
				ALWAYS_EMBED_SWIFT_STANDARD_LIBRARIES = YES;
				CLANG_ANALYZER_NONNULL = YES;
				CLANG_ANALYZER_NUMBER_OBJECT_CONVERSION = YES_AGGRESSIVE;
				CLANG_CXX_LANGUAGE_STANDARD = "gnu++17";
				CLANG_ENABLE_MODULES = YES;
				CLANG_ENABLE_OBJC_WEAK = YES;
				CLANG_WARN_DOCUMENTATION_COMMENTS = YES;
				CLANG_WARN_UNGUARDED_AVAILABILITY = YES_AGGRESSIVE;
				CODE_SIGN_STYLE = Automatic;
				COPY_PHASE_STRIP = NO;
				CURRENT_PROJECT_VERSION = 1;
				DEBUG_INFORMATION_FORMAT = "dwarf-with-dsym";
				DEVELOPMENT_TEAM = A83729LRD6;
				GCC_C_LANGUAGE_STANDARD = gnu11;
				GENERATE_INFOPLIST_FILE = YES;
				IPHONEOS_DEPLOYMENT_TARGET = 10.0;
				LD_RUNPATH_SEARCH_PATHS = "$(inherited) @executable_path/Frameworks @loader_path/Frameworks";
				MARKETING_VERSION = 1.0;
				MTL_ENABLE_DEBUG_INFO = NO;
				MTL_FAST_MATH = YES;
				PRODUCT_BUNDLE_IDENTIFIER = "com.tangyuan.npkit.demo.uitest.NPKitDemo-ExampleUITests";
				PRODUCT_NAME = "$(TARGET_NAME)";
				SWIFT_EMIT_LOC_STRINGS = NO;
				SWIFT_OBJC_BRIDGING_HEADER = "NPKitDemo_ExampleUITests-Bridging-Header.h";
				SWIFT_VERSION = 5.0;
				TARGETED_DEVICE_FAMILY = "1,2";
				TEST_TARGET_NAME = NPKitDemo_Example;
			};
			name = Release;
		};
/* End XCBuildConfiguration section */

/* Begin XCConfigurationList section */
		6003F585195388D10070C39A /* Build configuration list for PBXProject "NPKitDemo" */ = {
			isa = XCConfigurationList;
			buildConfigurations = (
				6003F5BD195388D20070C39A /* Debug */,
				6003F5BE195388D20070C39A /* Release */,
			);
			defaultConfigurationIsVisible = 0;
			defaultConfigurationName = Release;
		};
		6003F5BF195388D20070C39A /* Build configuration list for PBXNativeTarget "NPKitDemo_Example" */ = {
			isa = XCConfigurationList;
			buildConfigurations = (
				6003F5C0195388D20070C39A /* Debug */,
				6003F5C1195388D20070C39A /* Release */,
			);
			defaultConfigurationIsVisible = 0;
			defaultConfigurationName = Release;
		};
		6003F5C2195388D20070C39A /* Build configuration list for PBXNativeTarget "NPKitDemo_Tests" */ = {
			isa = XCConfigurationList;
			buildConfigurations = (
				6003F5C3195388D20070C39A /* Debug */,
				6003F5C4195388D20070C39A /* Release */,
			);
			defaultConfigurationIsVisible = 0;
			defaultConfigurationName = Release;
		};
		E005B8F427119F1A000BDA26 /* Build configuration list for PBXNativeTarget "NPKitDemo_ExampleUITests" */ = {
			isa = XCConfigurationList;
			buildConfigurations = (
				E005B8F527119F1A000BDA26 /* Debug */,
				E005B8F627119F1A000BDA26 /* Release */,
			);
			defaultConfigurationIsVisible = 0;
			defaultConfigurationName = Release;
		};
/* End XCConfigurationList section */
	};
	rootObject = 6003F582195388D10070C39A /* Project object */;
}
